
Microsoft Visual Studio Solution File, Format Version 12.00
# Visual Studio 15
VisualStudioVersion = 15.0.28307.960
MinimumVisualStudioVersion = 10.0.40219.1
Project("{FAE04EC0-301F-11D3-BF4B-00C04F79EFBC}") = "AgentsNecessities", "AgentsNecessities\AgentsNecessities.csproj", "{B69EBC50-8384-4AFF-8A7F-2538AB6A5DD1}"
EndProject
Global
	GlobalSection(SolutionConfigurationPlatforms) = preSolution
		Debug|Any CPU = Debug|Any CPU
		Release|Any CPU = Release|Any CPU
	EndGlobalSection
	GlobalSection(ProjectConfigurationPlatforms) = postSolution
		{B69EBC50-8384-4AFF-8A7F-2538AB6A5DD1}.Debug|Any CPU.ActiveCfg = Debug|Any CPU
		{B69EBC50-8384-4AFF-8A7F-2538AB6A5DD1}.Debug|Any CPU.Build.0 = Debug|Any CPU
		{B69EBC50-8384-4AFF-8A7F-2538AB6A5DD1}.Release|Any CPU.ActiveCfg = Release|Any CPU
		{B69EBC50-8384-4AFF-8A7F-2538AB6A5DD1}.Release|Any CPU.Build.0 = Release|Any CPU
	EndGlobalSection
	GlobalSection(SolutionProperties) = preSolution
		HideSolutionNode = FALSE
	EndGlobalSection
	GlobalSection(ExtensibilityGlobals) = postSolution
		SolutionGuid = {84A390DF-B3EE-439E-A2B5-05E2C16D0850}
	EndGlobalSection
EndGlobal
